{
  "name": "browser-automation-example",
  "version": "1.0.0",
  "lockfileVersion": 3,
  "requires": true,
  "packages": {
    "": {
      "name": "browser-automation-example",
      "version": "1.0.0",
      "license": "ISC",
      "devDependencies": {
        "@playwright/test": "^1.49.0-alpha-2024-11-09",
        "@types/node": "^22.9.0"
      }
    },
    "node_modules/@playwright/test": {
      "version": "1.49.0-alpha-2024-11-09",
      "resolved": "https://registry.npmjs.org/@playwright/test/-/test-1.49.0-alpha-2024-11-09.tgz",
      "integrity": "sha512-JVJxbb9tJQAXpWKwazgtLAfUO/35bJobTR7tcKa3ih9lBpqv7MtySW7xiL4UhHD4z+nrfWUhd92NKAaaWUoJWg==",
      "dev": true,
      "license": "Apache-2.0",
      "dependencies": {
        "playwright": "1.49.0-alpha-2024-11-09"
      },
      "bin": {
        "playwright": "cli.js"
      },
      "engines": {
        "node": ">=18"
      }
    },
    "node_modules/@types/node": {
      "version": "22.9.0",
      "resolved": "https://registry.npmjs.org/@types/node/-/node-22.9.0.tgz",
      "integrity": "sha512-vuyHg81vvWA1Z1ELfvLko2c8f34gyA0zaic0+Rllc5lbCnbSyuvb2Oxpm6TAUAC/2xZN3QGqxBNggD1nNR2AfQ==",
      "dev": true,
      "license": "MIT",
      "dependencies": {
        "undici-types": "~6.19.8"
      }
    },
    "node_modules/fsevents": {
      "version": "2.3.2",
      "resolved": "https://registry.npmjs.org/fsevents/-/fsevents-2.3.2.tgz",
      "integrity": "sha512-xiqMQR4xAeHTuB9uWm+fFRcIOgKBMiOBP+eXiyT7jsgVCq1bkVygt00oASowB7EdtpOHaaPgKt812P9ab+DDKA==",
      "dev": true,
      "hasInstallScript": true,
      "license": "MIT",
      "optional": true,
      "os": [
        "darwin"
      ],
      "engines": {
        "node": "^8.16.0 || ^10.6.0 || >=11.0.0"
      }
    },
    "node_modules/playwright": {
      "version": "1.49.0-alpha-2024-11-09",
      "resolved": "https://registry.npmjs.org/playwright/-/playwright-1.49.0-alpha-2024-11-09.tgz",
      "integrity": "sha512-Dm4JikQTQiktIpLDXgi2t+OGOVn4uNL2fo7d4uDIIGqgNKhJc8T704c1370VXqSko04tMcItGTj7XQqdMzn6+g==",
      "dev": true,
      "license": "Apache-2.0",
      "dependencies": {
        "playwright-core": "1.49.0-alpha-2024-11-09"
      },
      "bin": {
        "playwright": "cli.js"
      },
      "engines": {
        "node": ">=18"
      },
      "optionalDependencies": {
        "fsevents": "2.3.2"
      }
    },
    "node_modules/playwright-core": {
      "version": "1.49.0-alpha-2024-11-09",
      "resolved": "https://registry.npmjs.org/playwright-core/-/playwright-core-1.49.0-alpha-2024-11-09.tgz",
      "integrity": "sha512-X6gdRFbjKCqTxvZTSFSydJrumP77CnS0wDzzAP+eI9FOYTz5W6xDg1QS7g0TDcYfx0QqPdBcT9uQ43HZv7z35w==",
      "dev": true,
      "license": "Apache-2.0",
      "bin": {
        "playwright-core": "cli.js"
      },
      "engines": {
        "node": ">=18"
      }
    },
    "node_modules/undici-types": {
      "version": "6.19.8",
      "resolved": "https://registry.npmjs.org/undici-types/-/undici-types-6.19.8.tgz",
      "integrity": "sha512-ve2KP6f/JnbPBFyobGHuerC9g1FYGn/F8n1LWTwNxCEzd6IfqTwUQcNXgEtmmQ6DlRrC1hrSrBnCZPokRrDHjw==",
      "dev": true,
      "license": "MIT"
    }
  }
}
